
Microsoft Visual Studio Solution File, Format Version 12.00
# Visual Studio Version 16
VisualStudioVersion = 16.0.30907.101
MinimumVisualStudioVersion = 10.0.40219.1
Project("{9A19103F-16F7-4668-BE54-9A1E7A4F7556}") = "DevFreela.API", "DevFreela.API\DevFreela.API.csproj", "{E552AD9E-A79B-4FD3-8A18-8CC59CB14E62}"
EndProject
Project("{9A19103F-16F7-4668-BE54-9A1E7A4F7556}") = "DevFreela.Core", "DevFreela.Core\DevFreela.Core.csproj", "{74DF02BD-1E6A-4574-BCE6-1364BF53C39F}"
EndProject
Project("{FAE04EC0-301F-11D3-BF4B-00C04F79EFBC}") = "DevFreela.Infrastructure", "DevFreela.Infrastructure\DevFreela.Infrastructure.csproj", "{58EBCB1A-AA40-484A-ACAD-A9A2A26D5743}"
EndProject
Global
	GlobalSection(SolutionConfigurationPlatforms) = preSolution
		Debug|Any CPU = Debug|Any CPU
		Release|Any CPU = Release|Any CPU
	EndGlobalSection
	GlobalSection(ProjectConfigurationPlatforms) = postSolution
		{E552AD9E-A79B-4FD3-8A18-8CC59CB14E62}.Debug|Any CPU.ActiveCfg = Debug|Any CPU
		{E552AD9E-A79B-4FD3-8A18-8CC59CB14E62}.Debug|Any CPU.Build.0 = Debug|Any CPU
		{E552AD9E-A79B-4FD3-8A18-8CC59CB14E62}.Release|Any CPU.ActiveCfg = Release|Any CPU
		{E552AD9E-A79B-4FD3-8A18-8CC59CB14E62}.Release|Any CPU.Build.0 = Release|Any CPU
		{74DF02BD-1E6A-4574-BCE6-1364BF53C39F}.Debug|Any CPU.ActiveCfg = Debug|Any CPU
		{74DF02BD-1E6A-4574-BCE6-1364BF53C39F}.Debug|Any CPU.Build.0 = Debug|Any CPU
		{74DF02BD-1E6A-4574-BCE6-1364BF53C39F}.Release|Any CPU.ActiveCfg = Release|Any CPU
		{74DF02BD-1E6A-4574-BCE6-1364BF53C39F}.Release|Any CPU.Build.0 = Release|Any CPU
		{58EBCB1A-AA40-484A-ACAD-A9A2A26D5743}.Debug|Any CPU.ActiveCfg = Debug|Any CPU
		{58EBCB1A-AA40-484A-ACAD-A9A2A26D5743}.Debug|Any CPU.Build.0 = Debug|Any CPU
		{58EBCB1A-AA40-484A-ACAD-A9A2A26D5743}.Release|Any CPU.ActiveCfg = Release|Any CPU
		{58EBCB1A-AA40-484A-ACAD-A9A2A26D5743}.Release|Any CPU.Build.0 = Release|Any CPU
	EndGlobalSection
	GlobalSection(SolutionProperties) = preSolution
		HideSolutionNode = FALSE
	EndGlobalSection
	GlobalSection(ExtensibilityGlobals) = postSolution
		SolutionGuid = {063B471B-F57F-479C-8579-69871823D511}
	EndGlobalSection
EndGlobal
